
Microsoft Visual Studio Solution File, Format Version 12.00
# Visual Studio Version 17
VisualStudioVersion = 17.7.34024.191
MinimumVisualStudioVersion = 10.0.40219.1
Project("{FAE04EC0-301F-11D3-BF4B-00C04F79EFBC}") = "PE9-Aluko_MathTimer", "PE9-Aluko_MathTimer.csproj", "{8461855C-F65E-4920-AB90-4397749BF79E}"
EndProject
Global
	GlobalSection(SolutionConfigurationPlatforms) = preSolution
		Debug|Any CPU = Debug|Any CPU
		Release|Any CPU = Release|Any CPU
	EndGlobalSection
	GlobalSection(ProjectConfigurationPlatforms) = postSolution
		{8461855C-F65E-4920-AB90-4397749BF79E}.Debug|Any CPU.ActiveCfg = Debug|Any CPU
		{8461855C-F65E-4920-AB90-4397749BF79E}.Debug|Any CPU.Build.0 = Debug|Any CPU
		{8461855C-F65E-4920-AB90-4397749BF79E}.Release|Any CPU.ActiveCfg = Release|Any CPU
		{8461855C-F65E-4920-AB90-4397749BF79E}.Release|Any CPU.Build.0 = Release|Any CPU
	EndGlobalSection
	GlobalSection(SolutionProperties) = preSolution
		HideSolutionNode = FALSE
	EndGlobalSection
	GlobalSection(ExtensibilityGlobals) = postSolution
		SolutionGuid = {340605B4-21FE-4B60-BEE4-48C365CB08E2}
	EndGlobalSection
EndGlobal
