
Microsoft Visual Studio Solution File, Format Version 12.00
# Visual Studio Version 17
VisualStudioVersion = 17.8.34330.188
MinimumVisualStudioVersion = 10.0.40219.1
Project("{FAE04EC0-301F-11D3-BF4B-00C04F79EFBC}") = "EX4-Aluko_Stack", "EX4-Aluko_Stack.csproj", "{061F83EF-D968-449D-BB7A-5AD141DDC251}"
EndProject
Global
	GlobalSection(SolutionConfigurationPlatforms) = preSolution
		Debug|Any CPU = Debug|Any CPU
		Release|Any CPU = Release|Any CPU
	EndGlobalSection
	GlobalSection(ProjectConfigurationPlatforms) = postSolution
		{061F83EF-D968-449D-BB7A-5AD141DDC251}.Debug|Any CPU.ActiveCfg = Debug|Any CPU
		{061F83EF-D968-449D-BB7A-5AD141DDC251}.Debug|Any CPU.Build.0 = Debug|Any CPU
		{061F83EF-D968-449D-BB7A-5AD141DDC251}.Release|Any CPU.ActiveCfg = Release|Any CPU
		{061F83EF-D968-449D-BB7A-5AD141DDC251}.Release|Any CPU.Build.0 = Release|Any CPU
	EndGlobalSection
	GlobalSection(SolutionProperties) = preSolution
		HideSolutionNode = FALSE
	EndGlobalSection
	GlobalSection(ExtensibilityGlobals) = postSolution
		SolutionGuid = {D19E1129-42C5-4FFB-89BE-A7D6E5C6CD1D}
	EndGlobalSection
EndGlobal
