
Microsoft Visual Studio Solution File, Format Version 12.00
# Visual Studio Version 17
VisualStudioVersion = 17.7.34024.191
MinimumVisualStudioVersion = 10.0.40219.1
Project("{FAE04EC0-301F-11D3-BF4B-00C04F79EFBC}") = "EX1-Aluko_4", "EX1-Aluko_4.csproj", "{282E0A0F-66E9-47B9-B74B-44D91B8D04F8}"
EndProject
Global
	GlobalSection(SolutionConfigurationPlatforms) = preSolution
		Debug|Any CPU = Debug|Any CPU
		Release|Any CPU = Release|Any CPU
	EndGlobalSection
	GlobalSection(ProjectConfigurationPlatforms) = postSolution
		{282E0A0F-66E9-47B9-B74B-44D91B8D04F8}.Debug|Any CPU.ActiveCfg = Debug|Any CPU
		{282E0A0F-66E9-47B9-B74B-44D91B8D04F8}.Debug|Any CPU.Build.0 = Debug|Any CPU
		{282E0A0F-66E9-47B9-B74B-44D91B8D04F8}.Release|Any CPU.ActiveCfg = Release|Any CPU
		{282E0A0F-66E9-47B9-B74B-44D91B8D04F8}.Release|Any CPU.Build.0 = Release|Any CPU
	EndGlobalSection
	GlobalSection(SolutionProperties) = preSolution
		HideSolutionNode = FALSE
	EndGlobalSection
	GlobalSection(ExtensibilityGlobals) = postSolution
		SolutionGuid = {3B1AEE41-338C-4103-B48B-D5C451A05F48}
	EndGlobalSection
EndGlobal
