
Microsoft Visual Studio Solution File, Format Version 12.00
# Visual Studio Version 17
VisualStudioVersion = 17.7.34024.191
MinimumVisualStudioVersion = 10.0.40219.1
Project("{FAE04EC0-301F-11D3-BF4B-00C04F79EFBC}") = "PE7-Sanabria", "PE7-Sanabria.csproj", "{A5ACBD14-4E8E-46A4-8F08-0E2DC76AEDFD}"
EndProject
Global
	GlobalSection(SolutionConfigurationPlatforms) = preSolution
		Debug|Any CPU = Debug|Any CPU
		Release|Any CPU = Release|Any CPU
	EndGlobalSection
	GlobalSection(ProjectConfigurationPlatforms) = postSolution
		{A5ACBD14-4E8E-46A4-8F08-0E2DC76AEDFD}.Debug|Any CPU.ActiveCfg = Debug|Any CPU
		{A5ACBD14-4E8E-46A4-8F08-0E2DC76AEDFD}.Debug|Any CPU.Build.0 = Debug|Any CPU
		{A5ACBD14-4E8E-46A4-8F08-0E2DC76AEDFD}.Release|Any CPU.ActiveCfg = Release|Any CPU
		{A5ACBD14-4E8E-46A4-8F08-0E2DC76AEDFD}.Release|Any CPU.Build.0 = Release|Any CPU
	EndGlobalSection
	GlobalSection(SolutionProperties) = preSolution
		HideSolutionNode = FALSE
	EndGlobalSection
	GlobalSection(ExtensibilityGlobals) = postSolution
		SolutionGuid = {17DD7DD3-1DA0-4701-8610-B1E2967D99BD}
	EndGlobalSection
EndGlobal
