
Microsoft Visual Studio Solution File, Format Version 12.00
# Visual Studio Version 17
VisualStudioVersion = 17.7.34024.191
MinimumVisualStudioVersion = 10.0.40219.1
Project("{FAE04EC0-301F-11D3-BF4B-00C04F79EFBC}") = "PE2-Aluko", "PE2-Aluko.csproj", "{484D18FC-4FD7-4262-8018-2511CA9050B1}"
EndProject
Global
	GlobalSection(SolutionConfigurationPlatforms) = preSolution
		Debug|Any CPU = Debug|Any CPU
		Release|Any CPU = Release|Any CPU
	EndGlobalSection
	GlobalSection(ProjectConfigurationPlatforms) = postSolution
		{484D18FC-4FD7-4262-8018-2511CA9050B1}.Debug|Any CPU.ActiveCfg = Debug|Any CPU
		{484D18FC-4FD7-4262-8018-2511CA9050B1}.Debug|Any CPU.Build.0 = Debug|Any CPU
		{484D18FC-4FD7-4262-8018-2511CA9050B1}.Release|Any CPU.ActiveCfg = Release|Any CPU
		{484D18FC-4FD7-4262-8018-2511CA9050B1}.Release|Any CPU.Build.0 = Release|Any CPU
	EndGlobalSection
	GlobalSection(SolutionProperties) = preSolution
		HideSolutionNode = FALSE
	EndGlobalSection
	GlobalSection(ExtensibilityGlobals) = postSolution
		SolutionGuid = {8A2DEB34-3F32-436A-AB20-37D55E6AE9B3}
	EndGlobalSection
EndGlobal
