
Microsoft Visual Studio Solution File, Format Version 12.00
# Visual Studio Version 17
VisualStudioVersion = 17.7.34024.191
MinimumVisualStudioVersion = 10.0.40219.1
Project("{FAE04EC0-301F-11D3-BF4B-00C04F79EFBC}") = "MyFirstWindowsFormsApp", "MyFirstWindowsFormsApp.csproj", "{655952D6-347F-40F9-9BD2-3AEFFE8159A1}"
EndProject
Global
	GlobalSection(SolutionConfigurationPlatforms) = preSolution
		Debug|Any CPU = Debug|Any CPU
		Release|Any CPU = Release|Any CPU
	EndGlobalSection
	GlobalSection(ProjectConfigurationPlatforms) = postSolution
		{655952D6-347F-40F9-9BD2-3AEFFE8159A1}.Debug|Any CPU.ActiveCfg = Debug|Any CPU
		{655952D6-347F-40F9-9BD2-3AEFFE8159A1}.Debug|Any CPU.Build.0 = Debug|Any CPU
		{655952D6-347F-40F9-9BD2-3AEFFE8159A1}.Release|Any CPU.ActiveCfg = Release|Any CPU
		{655952D6-347F-40F9-9BD2-3AEFFE8159A1}.Release|Any CPU.Build.0 = Release|Any CPU
	EndGlobalSection
	GlobalSection(SolutionProperties) = preSolution
		HideSolutionNode = FALSE
	EndGlobalSection
	GlobalSection(ExtensibilityGlobals) = postSolution
		SolutionGuid = {5FABD533-AD19-403A-8867-9EE7E44B035F}
	EndGlobalSection
EndGlobal
