
Microsoft Visual Studio Solution File, Format Version 12.00
# Visual Studio Version 17
VisualStudioVersion = 17.7.34221.43
MinimumVisualStudioVersion = 10.0.40219.1
Project("{FAE04EC0-301F-11D3-BF4B-00C04F79EFBC}") = "EX2-Aluko_schUML", "EX2-Aluko_schUML.csproj", "{2D5D8CD2-5DBE-4DB1-9198-498C35E67724}"
EndProject
Global
	GlobalSection(SolutionConfigurationPlatforms) = preSolution
		Debug|Any CPU = Debug|Any CPU
		Release|Any CPU = Release|Any CPU
	EndGlobalSection
	GlobalSection(ProjectConfigurationPlatforms) = postSolution
		{2D5D8CD2-5DBE-4DB1-9198-498C35E67724}.Debug|Any CPU.ActiveCfg = Debug|Any CPU
		{2D5D8CD2-5DBE-4DB1-9198-498C35E67724}.Debug|Any CPU.Build.0 = Debug|Any CPU
		{2D5D8CD2-5DBE-4DB1-9198-498C35E67724}.Release|Any CPU.ActiveCfg = Release|Any CPU
		{2D5D8CD2-5DBE-4DB1-9198-498C35E67724}.Release|Any CPU.Build.0 = Release|Any CPU
	EndGlobalSection
	GlobalSection(SolutionProperties) = preSolution
		HideSolutionNode = FALSE
	EndGlobalSection
	GlobalSection(ExtensibilityGlobals) = postSolution
		SolutionGuid = {F5CF7918-3C2A-4C10-8A93-5219C9FA2CE3}
	EndGlobalSection
EndGlobal
