
Microsoft Visual Studio Solution File, Format Version 12.00
# Visual Studio Version 17
VisualStudioVersion = 17.7.34024.191
MinimumVisualStudioVersion = 10.0.40219.1
Project("{FAE04EC0-301F-11D3-BF4B-00C04F79EFBC}") = "PE14-Aluko", "PE14-Aluko.csproj", "{8910B473-02AD-4484-90D6-8A5B880C922C}"
EndProject
Global
	GlobalSection(SolutionConfigurationPlatforms) = preSolution
		Debug|Any CPU = Debug|Any CPU
		Release|Any CPU = Release|Any CPU
	EndGlobalSection
	GlobalSection(ProjectConfigurationPlatforms) = postSolution
		{8910B473-02AD-4484-90D6-8A5B880C922C}.Debug|Any CPU.ActiveCfg = Debug|Any CPU
		{8910B473-02AD-4484-90D6-8A5B880C922C}.Debug|Any CPU.Build.0 = Debug|Any CPU
		{8910B473-02AD-4484-90D6-8A5B880C922C}.Release|Any CPU.ActiveCfg = Release|Any CPU
		{8910B473-02AD-4484-90D6-8A5B880C922C}.Release|Any CPU.Build.0 = Release|Any CPU
	EndGlobalSection
	GlobalSection(SolutionProperties) = preSolution
		HideSolutionNode = FALSE
	EndGlobalSection
	GlobalSection(ExtensibilityGlobals) = postSolution
		SolutionGuid = {DA0D1185-49C6-4E15-92FA-4A1DF707D078}
	EndGlobalSection
EndGlobal
