
Microsoft Visual Studio Solution File, Format Version 12.00
# Visual Studio Version 17
VisualStudioVersion = 17.7.34024.191
MinimumVisualStudioVersion = 10.0.40219.1
Project("{FAE04EC0-301F-11D3-BF4B-00C04F79EFBC}") = "MyEditor", "MyEditor.csproj", "{7BC4D457-B44E-4A5A-9D9F-0BA50849D158}"
EndProject
Global
	GlobalSection(SolutionConfigurationPlatforms) = preSolution
		Debug|Any CPU = Debug|Any CPU
		Release|Any CPU = Release|Any CPU
	EndGlobalSection
	GlobalSection(ProjectConfigurationPlatforms) = postSolution
		{7BC4D457-B44E-4A5A-9D9F-0BA50849D158}.Debug|Any CPU.ActiveCfg = Debug|Any CPU
		{7BC4D457-B44E-4A5A-9D9F-0BA50849D158}.Debug|Any CPU.Build.0 = Debug|Any CPU
		{7BC4D457-B44E-4A5A-9D9F-0BA50849D158}.Release|Any CPU.ActiveCfg = Release|Any CPU
		{7BC4D457-B44E-4A5A-9D9F-0BA50849D158}.Release|Any CPU.Build.0 = Release|Any CPU
	EndGlobalSection
	GlobalSection(SolutionProperties) = preSolution
		HideSolutionNode = FALSE
	EndGlobalSection
	GlobalSection(ExtensibilityGlobals) = postSolution
		SolutionGuid = {63154626-292F-42AD-B38B-A8370E50B5B9}
	EndGlobalSection
EndGlobal
