
Microsoft Visual Studio Solution File, Format Version 12.00
# Visual Studio Version 17
VisualStudioVersion = 17.7.34024.191
MinimumVisualStudioVersion = 10.0.40219.1
Project("{FAE04EC0-301F-11D3-BF4B-00C04F79EFBC}") = "PE8 - Aluko", "PE8 - Aluko.csproj", "{F7DA4EF7-9EA5-4C0B-9FF1-06C0945DACF1}"
EndProject
Global
	GlobalSection(SolutionConfigurationPlatforms) = preSolution
		Debug|Any CPU = Debug|Any CPU
		Release|Any CPU = Release|Any CPU
	EndGlobalSection
	GlobalSection(ProjectConfigurationPlatforms) = postSolution
		{F7DA4EF7-9EA5-4C0B-9FF1-06C0945DACF1}.Debug|Any CPU.ActiveCfg = Debug|Any CPU
		{F7DA4EF7-9EA5-4C0B-9FF1-06C0945DACF1}.Debug|Any CPU.Build.0 = Debug|Any CPU
		{F7DA4EF7-9EA5-4C0B-9FF1-06C0945DACF1}.Release|Any CPU.ActiveCfg = Release|Any CPU
		{F7DA4EF7-9EA5-4C0B-9FF1-06C0945DACF1}.Release|Any CPU.Build.0 = Release|Any CPU
	EndGlobalSection
	GlobalSection(SolutionProperties) = preSolution
		HideSolutionNode = FALSE
	EndGlobalSection
	GlobalSection(ExtensibilityGlobals) = postSolution
		SolutionGuid = {339A05D2-6BCF-40D5-AE52-A778A4C54D76}
	EndGlobalSection
EndGlobal
