
Microsoft Visual Studio Solution File, Format Version 12.00
# Visual Studio Version 17
VisualStudioVersion = 17.7.34024.191
MinimumVisualStudioVersion = 10.0.40219.1
Project("{FAE04EC0-301F-11D3-BF4B-00C04F79EFBC}") = "PE3-Aluko", "PE3-Aluko.csproj", "{39B3F52C-1A25-4AFA-A3BF-8819E732AD9C}"
EndProject
Global
	GlobalSection(SolutionConfigurationPlatforms) = preSolution
		Debug|Any CPU = Debug|Any CPU
		Release|Any CPU = Release|Any CPU
	EndGlobalSection
	GlobalSection(ProjectConfigurationPlatforms) = postSolution
		{39B3F52C-1A25-4AFA-A3BF-8819E732AD9C}.Debug|Any CPU.ActiveCfg = Debug|Any CPU
		{39B3F52C-1A25-4AFA-A3BF-8819E732AD9C}.Debug|Any CPU.Build.0 = Debug|Any CPU
		{39B3F52C-1A25-4AFA-A3BF-8819E732AD9C}.Release|Any CPU.ActiveCfg = Release|Any CPU
		{39B3F52C-1A25-4AFA-A3BF-8819E732AD9C}.Release|Any CPU.Build.0 = Release|Any CPU
	EndGlobalSection
	GlobalSection(SolutionProperties) = preSolution
		HideSolutionNode = FALSE
	EndGlobalSection
	GlobalSection(ExtensibilityGlobals) = postSolution
		SolutionGuid = {93D9F9F1-2A00-4DBC-86D6-22B0E32B364C}
	EndGlobalSection
EndGlobal
