
Microsoft Visual Studio Solution File, Format Version 12.00
# Visual Studio Version 17
VisualStudioVersion = 17.7.34024.191
MinimumVisualStudioVersion = 10.0.40219.1
Project("{FAE04EC0-301F-11D3-BF4B-00C04F79EFBC}") = "PE8_Aluko_YesAndNo", "PE8_Aluko_YesAndNo.csproj", "{2CC46403-54F8-4147-B7B9-55AB3BD54B9A}"
EndProject
Global
	GlobalSection(SolutionConfigurationPlatforms) = preSolution
		Debug|Any CPU = Debug|Any CPU
		Release|Any CPU = Release|Any CPU
	EndGlobalSection
	GlobalSection(ProjectConfigurationPlatforms) = postSolution
		{2CC46403-54F8-4147-B7B9-55AB3BD54B9A}.Debug|Any CPU.ActiveCfg = Debug|Any CPU
		{2CC46403-54F8-4147-B7B9-55AB3BD54B9A}.Debug|Any CPU.Build.0 = Debug|Any CPU
		{2CC46403-54F8-4147-B7B9-55AB3BD54B9A}.Release|Any CPU.ActiveCfg = Release|Any CPU
		{2CC46403-54F8-4147-B7B9-55AB3BD54B9A}.Release|Any CPU.Build.0 = Release|Any CPU
	EndGlobalSection
	GlobalSection(SolutionProperties) = preSolution
		HideSolutionNode = FALSE
	EndGlobalSection
	GlobalSection(ExtensibilityGlobals) = postSolution
		SolutionGuid = {6B55CE3E-70A5-4FEE-AAEF-A5C6AF8D2F54}
	EndGlobalSection
EndGlobal
